
Microsoft Visual Studio Solution File, Format Version 12.00
# Visual Studio Version 17
VisualStudioVersion = 17.3.32811.315
MinimumVisualStudioVersion = 10.0.40219.1
Project("{FAE04EC0-301F-11D3-BF4B-00C04F79EFBC}") = "Resturants", "Resturants\Resturants.csproj", "{AD0EDF26-1C44-4D15-AD0A-2BCC608F8D8C}"
EndProject
Global
	GlobalSection(SolutionConfigurationPlatforms) = preSolution
		Debug|Any CPU = Debug|Any CPU
		Release|Any CPU = Release|Any CPU
	EndGlobalSection
	GlobalSection(ProjectConfigurationPlatforms) = postSolution
		{AD0EDF26-1C44-4D15-AD0A-2BCC608F8D8C}.Debug|Any CPU.ActiveCfg = Debug|Any CPU
		{AD0EDF26-1C44-4D15-AD0A-2BCC608F8D8C}.Debug|Any CPU.Build.0 = Debug|Any CPU
		{AD0EDF26-1C44-4D15-AD0A-2BCC608F8D8C}.Release|Any CPU.ActiveCfg = Release|Any CPU
		{AD0EDF26-1C44-4D15-AD0A-2BCC608F8D8C}.Release|Any CPU.Build.0 = Release|Any CPU
	EndGlobalSection
	GlobalSection(SolutionProperties) = preSolution
		HideSolutionNode = FALSE
	EndGlobalSection
	GlobalSection(ExtensibilityGlobals) = postSolution
		SolutionGuid = {056BF53B-1172-404E-88E5-638D4B0314AD}
	EndGlobalSection
EndGlobal
